// !$*UTF8*$!
{
	archiveVersion = 1;
	classes = {
	};
	objectVersion = 46;
	objects = {

/* Begin PBXBuildFile section */
		1AABF7DA1EB5427E00BFAD42 /* LocationManager.swift in Sources */ = {isa = PBXBuildFile; fileRef = 1AABF7D91EB5427E00BFAD42 /* LocationManager.swift */; };
		7639CB181EA355760050FEF2 /* Model.xcdatamodeld in Sources */ = {isa = PBXBuildFile; fileRef = 7639CB161EA355760050FEF2 /* Model.xcdatamodeld */; };
		76577C0E1EBFB96000D33080 /* NVActivityIndicatorView.framework in Frameworks */ = {isa = PBXBuildFile; fileRef = 76577C0D1EBFB96000D33080 /* NVActivityIndicatorView.framework */; };
		76577C0F1EBFB96000D33080 /* NVActivityIndicatorView.framework in Embed Frameworks */ = {isa = PBXBuildFile; fileRef = 76577C0D1EBFB96000D33080 /* NVActivityIndicatorView.framework */; settings = {ATTRIBUTES = (CodeSignOnCopy, RemoveHeadersOnCopy, ); }; };
		765BF31F1EBE09FF00F5DDF1 /* BeaconShape.swift in Sources */ = {isa = PBXBuildFile; fileRef = 765BF3171EBE09FF00F5DDF1 /* BeaconShape.swift */; };
		765BF3201EBE09FF00F5DDF1 /* DataStructures.swift in Sources */ = {isa = PBXBuildFile; fileRef = 765BF3181EBE09FF00F5DDF1 /* DataStructures.swift */; };
		765BF3211EBE09FF00F5DDF1 /* JMCBeaconManager.swift in Sources */ = {isa = PBXBuildFile; fileRef = 765BF3191EBE09FF00F5DDF1 /* JMCBeaconManager.swift */; };
		765BF3221EBE09FF00F5DDF1 /* JMCBluetoothManager.swift in Sources */ = {isa = PBXBuildFile; fileRef = 765BF31A1EBE09FF00F5DDF1 /* JMCBluetoothManager.swift */; };
		765BF3241EBE09FF00F5DDF1 /* PWDisplayLinker.swift in Sources */ = {isa = PBXBuildFile; fileRef = 765BF31C1EBE09FF00F5DDF1 /* PWDisplayLinker.swift */; };
		765BF3251EBE09FF00F5DDF1 /* PWDisplayLinkerDelegate.swift in Sources */ = {isa = PBXBuildFile; fileRef = 765BF31D1EBE09FF00F5DDF1 /* PWDisplayLinkerDelegate.swift */; };
		765BF3261EBE09FF00F5DDF1 /* RadarScannerShape.swift in Sources */ = {isa = PBXBuildFile; fileRef = 765BF31E1EBE09FF00F5DDF1 /* RadarScannerShape.swift */; };
		765BF3291EBE582100F5DDF1 /* AddLightViewController.swift in Sources */ = {isa = PBXBuildFile; fileRef = 765BF3281EBE582100F5DDF1 /* AddLightViewController.swift */; };
		76615D021EC4BC5A008C1018 /* AKPickerView.framework in Frameworks */ = {isa = PBXBuildFile; fileRef = 76615D011EC4BC5A008C1018 /* AKPickerView.framework */; };
		76615D031EC4BC5A008C1018 /* AKPickerView.framework in Embed Frameworks */ = {isa = PBXBuildFile; fileRef = 76615D011EC4BC5A008C1018 /* AKPickerView.framework */; settings = {ATTRIBUTES = (CodeSignOnCopy, RemoveHeadersOnCopy, ); }; };
		76AF5B1D1EBB952300A6EAB1 /* AlamofireObjectMapper.framework in Frameworks */ = {isa = PBXBuildFile; fileRef = 76AF5B1C1EBB952300A6EAB1 /* AlamofireObjectMapper.framework */; };
		76AF5B1E1EBB952300A6EAB1 /* AlamofireObjectMapper.framework in Embed Frameworks */ = {isa = PBXBuildFile; fileRef = 76AF5B1C1EBB952300A6EAB1 /* AlamofireObjectMapper.framework */; settings = {ATTRIBUTES = (CodeSignOnCopy, RemoveHeadersOnCopy, ); }; };
		76AF5B201EBB9BE500A6EAB1 /* ObjectMapper.framework in Frameworks */ = {isa = PBXBuildFile; fileRef = 76AF5B1F1EBB9BE500A6EAB1 /* ObjectMapper.framework */; };
		76AF5B211EBB9BE500A6EAB1 /* ObjectMapper.framework in Embed Frameworks */ = {isa = PBXBuildFile; fileRef = 76AF5B1F1EBB9BE500A6EAB1 /* ObjectMapper.framework */; settings = {ATTRIBUTES = (CodeSignOnCopy, RemoveHeadersOnCopy, ); }; };
		76E839E21EBE70A3009E7E93 /* JMCRadarView.swift in Sources */ = {isa = PBXBuildFile; fileRef = 76E839E11EBE70A3009E7E93 /* JMCRadarView.swift */; };
		ED1117951E9AD337006EC259 /* Helper.swift in Sources */ = {isa = PBXBuildFile; fileRef = ED1117941E9AD337006EC259 /* Helper.swift */; };
		ED171EC11E8F89EB006791C6 /* HomeViewController.swift in Sources */ = {isa = PBXBuildFile; fileRef = ED171EC01E8F89EB006791C6 /* HomeViewController.swift */; };
		ED171EC71E8F8CEF006791C6 /* LocalStore.swift in Sources */ = {isa = PBXBuildFile; fileRef = ED171EC61E8F8CEF006791C6 /* LocalStore.swift */; };
		ED171EC91E8F8D09006791C6 /* HomeViewModel.swift in Sources */ = {isa = PBXBuildFile; fileRef = ED171EC81E8F8D09006791C6 /* HomeViewModel.swift */; };
		ED1BACC71E98EA64005F7F75 /* ColorExtension.swift in Sources */ = {isa = PBXBuildFile; fileRef = ED1BACC61E98EA64005F7F75 /* ColorExtension.swift */; };
		ED1BACC91E98EAB2005F7F75 /* Theme.swift in Sources */ = {isa = PBXBuildFile; fileRef = ED1BACC81E98EAB2005F7F75 /* Theme.swift */; };
		ED1BACCB1E98FF43005F7F75 /* SnapKit.framework in Frameworks */ = {isa = PBXBuildFile; fileRef = ED1BACCA1E98FF43005F7F75 /* SnapKit.framework */; };
		ED1BACCC1E98FF43005F7F75 /* SnapKit.framework in Embed Frameworks */ = {isa = PBXBuildFile; fileRef = ED1BACCA1E98FF43005F7F75 /* SnapKit.framework */; settings = {ATTRIBUTES = (CodeSignOnCopy, RemoveHeadersOnCopy, ); }; };
		ED1BACCE1E999494005F7F75 /* BrightnessViewController.swift in Sources */ = {isa = PBXBuildFile; fileRef = ED1BACCD1E999494005F7F75 /* BrightnessViewController.swift */; };
		ED2D3C791EB6127500BC46AF /* default.gpx in Resources */ = {isa = PBXBuildFile; fileRef = ED2D3C781EB6127500BC46AF /* default.gpx */; };
		ED2D3C7C1EB619CC00BC46AF /* UIApplicationExtension.swift in Sources */ = {isa = PBXBuildFile; fileRef = ED2D3C7B1EB619CC00BC46AF /* UIApplicationExtension.swift */; };
		ED2D3C7E1EB640E900BC46AT /* CoreDataLightOperations.swift in Sources */ = {isa = PBXBuildFile; fileRef = ED2D3C7D1EB640E900BC46AT /* CoreDataLightOperations.swift */; };
		ED2D3C801EB704A800BC46AT /* LightProperties.swift in Sources */ = {isa = PBXBuildFile; fileRef = ED2D3C7F1EB704A800BC46AT /* LightProperties.swift */; };
		ED2D3CA71EB73FEB00BC46AF /* LightModel.swift in Sources */ = {isa = PBXBuildFile; fileRef = ED2D3CA61EB73FEB00BC46AF /* LightModel.swift */; };
		ED3281261EB7C36D00DF20F6 /* AirConditionerModel.swift in Sources */ = {isa = PBXBuildFile; fileRef = ED3281251EB7C36D00DF20F6 /* AirConditionerModel.swift */; };
		ED504F611EB84FF100802BE3 /* AirConditioner.swift in Sources */ = {isa = PBXBuildFile; fileRef = ED504F5F1EB84FF100802BE3 /* AirConditioner.swift */; };
		ED504F621EB84FF100802BE3 /* AirConditionerProperties.swift in Sources */ = {isa = PBXBuildFile; fileRef = ED504F601EB84FF100802BE3 /* AirConditionerProperties.swift */; };
		ED504F641EB8519C00802BE3 /* CoreDataAirConditionerOperations.swift in Sources */ = {isa = PBXBuildFile; fileRef = ED504F631EB8519C00802BE3 /* CoreDataAirConditionerOperations.swift */; };
		ED504F661EB851F900802BE3 /* AirConditionerViewModel.swift in Sources */ = {isa = PBXBuildFile; fileRef = ED504F651EB851F900802BE3 /* AirConditionerViewModel.swift */; };
		ED504F681EB85A1100802BE3 /* AirConditionerCellViewModel.swift in Sources */ = {isa = PBXBuildFile; fileRef = ED504F671EB85A1100802BE3 /* AirConditionerCellViewModel.swift */; };
		ED504F6A1EB8912C00802BE3 /* StoreType.swift in Sources */ = {isa = PBXBuildFile; fileRef = ED504F691EB8912C00802BE3 /* StoreType.swift */; };
		ED5168101EB4B523000813C7 /* Retrier.swift in Sources */ = {isa = PBXBuildFile; fileRef = ED51680F1EB4B523000813C7 /* Retrier.swift */; };
		ED5168151EB50201000813C7 /* GSMessage.swift in Sources */ = {isa = PBXBuildFile; fileRef = ED5168141EB50201000813C7 /* GSMessage.swift */; };
		ED53DA391E9AEAE2002B6CDD /* HelperTests.swift in Sources */ = {isa = PBXBuildFile; fileRef = ED53DA381E9AEAE2002B6CDD /* HelperTests.swift */; };
		ED5954B41E981B3600C3E047 /* Spruce.framework in Frameworks */ = {isa = PBXBuildFile; fileRef = ED5954B31E981B3600C3E047 /* Spruce.framework */; };
		ED5954B51E981B3600C3E047 /* Spruce.framework in Embed Frameworks */ = {isa = PBXBuildFile; fileRef = ED5954B31E981B3600C3E047 /* Spruce.framework */; settings = {ATTRIBUTES = (CodeSignOnCopy, RemoveHeadersOnCopy, ); }; };
		ED5954B71E9898FB00C3E047 /* LightViewModel.swift in Sources */ = {isa = PBXBuildFile; fileRef = ED5954B61E9898FB00C3E047 /* LightViewModel.swift */; };
		ED67474F1E95663700C925D0 /* FridgeViewController.swift in Sources */ = {isa = PBXBuildFile; fileRef = ED67474E1E95663700C925D0 /* FridgeViewController.swift */; };
		ED6747511E9567CC00C925D0 /* ShoppingCartViewController.swift in Sources */ = {isa = PBXBuildFile; fileRef = ED6747501E9567CC00C925D0 /* ShoppingCartViewController.swift */; };
		ED75D3311E8C478A006D6082 /* AppDelegate.swift in Sources */ = {isa = PBXBuildFile; fileRef = ED75D3301E8C478A006D6082 /* AppDelegate.swift */; };
		ED75D3361E8C478B006D6082 /* Main.storyboard in Resources */ = {isa = PBXBuildFile; fileRef = ED75D3341E8C478B006D6082 /* Main.storyboard */; };
		ED75D3381E8C478B006D6082 /* Assets.xcassets in Resources */ = {isa = PBXBuildFile; fileRef = ED75D3371E8C478B006D6082 /* Assets.xcassets */; };
		ED75D33B1E8C478B006D6082 /* LaunchScreen.storyboard in Resources */ = {isa = PBXBuildFile; fileRef = ED75D3391E8C478B006D6082 /* LaunchScreen.storyboard */; };
		ED810EC31E9BB4A9005F701E /* DataSynchronizationManager.swift in Sources */ = {isa = PBXBuildFile; fileRef = ED810EC21E9BB4A9005F701E /* DataSynchronizationManager.swift */; };
		ED8896CE1EAEC3F90064404E /* RemoteStore.swift in Sources */ = {isa = PBXBuildFile; fileRef = ED8896CD1EAEC3F90064404E /* RemoteStore.swift */; };
		ED953A0B1EB37B5900D622CB /* Alamofire.framework in Frameworks */ = {isa = PBXBuildFile; fileRef = ED953A0A1EB37B5900D622CB /* Alamofire.framework */; };
		ED953A0C1EB37B5900D622CB /* Alamofire.framework in Embed Frameworks */ = {isa = PBXBuildFile; fileRef = ED953A0A1EB37B5900D622CB /* Alamofire.framework */; settings = {ATTRIBUTES = (CodeSignOnCopy, RemoveHeadersOnCopy, ); }; };
		ED9792D31E9010A5004827D4 /* UIFunctionality.swift in Sources */ = {isa = PBXBuildFile; fileRef = ED9792D21E9010A5004827D4 /* UIFunctionality.swift */; };
		ED9C588E1E8E49C400F57B8F /* RxSwift.framework in Frameworks */ = {isa = PBXBuildFile; fileRef = ED9C588B1E8E49C400F57B8F /* RxSwift.framework */; };
		ED9C588F1E8E49C400F57B8F /* RxSwift.framework in Embed Frameworks */ = {isa = PBXBuildFile; fileRef = ED9C588B1E8E49C400F57B8F /* RxSwift.framework */; settings = {ATTRIBUTES = (CodeSignOnCopy, RemoveHeadersOnCopy, ); }; };
		EDA77A7D1E9571DB002C801B /* LightsTableViewCell.swift in Sources */ = {isa = PBXBuildFile; fileRef = EDA77A7C1E9571DB002C801B /* LightsTableViewCell.swift */; };
		EDA77A7F1E957CE0002C801B /* LightsMockup.swift in Sources */ = {isa = PBXBuildFile; fileRef = EDA77A7E1E957CE0002C801B /* LightsMockup.swift */; };
		EDAB2C401E95287F006DF616 /* Constants.swift in Sources */ = {isa = PBXBuildFile; fileRef = EDAB2C3F1E95287F006DF616 /* Constants.swift */; };
		EDAB2C421E952EB4006DF616 /* RxCocoa.framework in Frameworks */ = {isa = PBXBuildFile; fileRef = EDAB2C411E952EB4006DF616 /* RxCocoa.framework */; };
		EDAB2C431E952EB4006DF616 /* RxCocoa.framework in Embed Frameworks */ = {isa = PBXBuildFile; fileRef = EDAB2C411E952EB4006DF616 /* RxCocoa.framework */; settings = {ATTRIBUTES = (CodeSignOnCopy, RemoveHeadersOnCopy, ); }; };
		EDAB2C441E9533FC006DF616 /* RxCocoa.framework in Frameworks */ = {isa = PBXBuildFile; fileRef = EDAB2C411E952EB4006DF616 /* RxCocoa.framework */; };
		EDAB2C451E953407006DF616 /* RxSwift.framework in Frameworks */ = {isa = PBXBuildFile; fileRef = ED9C588B1E8E49C400F57B8F /* RxSwift.framework */; };
		EDAB2C541E9537D5006DF616 /* LightTests.swift in Sources */ = {isa = PBXBuildFile; fileRef = EDAB2C531E9537D5006DF616 /* LightTests.swift */; };
		EDC5047E1EAB64350086B377 /* SocketIO.framework in Frameworks */ = {isa = PBXBuildFile; fileRef = EDC5047D1EAB64350086B377 /* SocketIO.framework */; };
		EDC5047F1EAB64350086B377 /* SocketIO.framework in Embed Frameworks */ = {isa = PBXBuildFile; fileRef = EDC5047D1EAB64350086B377 /* SocketIO.framework */; settings = {ATTRIBUTES = (CodeSignOnCopy, RemoveHeadersOnCopy, ); }; };
		EDC504811EAB64720086B377 /* SocketIOManager.swift in Sources */ = {isa = PBXBuildFile; fileRef = EDC504801EAB64710086B377 /* SocketIOManager.swift */; };
		EDD938081E941DE000FB1797 /* LightCellViewModel.swift in Sources */ = {isa = PBXBuildFile; fileRef = EDD938071E941DE000FB1797 /* LightCellViewModel.swift */; };
		EDD9380A1E941E5300FB1797 /* Light.swift in Sources */ = {isa = PBXBuildFile; fileRef = EDD938091E941E5300FB1797 /* Light.swift */; };
		EDD9380C1E942BC400FB1797 /* LightCellViewModelTests.swift in Sources */ = {isa = PBXBuildFile; fileRef = EDD9380B1E942BC400FB1797 /* LightCellViewModelTests.swift */; };
		EDF791E71E9554A00078E98B /* AirConditionerViewController.swift in Sources */ = {isa = PBXBuildFile; fileRef = EDF791E61E9554A00078E98B /* AirConditionerViewController.swift */; };
		EDF791E91E9557120078E98B /* LightViewController.swift in Sources */ = {isa = PBXBuildFile; fileRef = EDF791E81E9557120078E98B /* LightViewController.swift */; };
/* End PBXBuildFile section */

/* Begin PBXContainerItemProxy section */
		ED75D3421E8C478B006D6082 /* PBXContainerItemProxy */ = {
			isa = PBXContainerItemProxy;
			containerPortal = ED75D3251E8C4782006D6082 /* Project object */;
			proxyType = 1;
			remoteGlobalIDString = ED75D32C1E8C4782006D6082;
			remoteInfo = ImSmart;
		};
		ED75D34D1E8C478B006D6082 /* PBXContainerItemProxy */ = {
			isa = PBXContainerItemProxy;
			containerPortal = ED75D3251E8C4782006D6082 /* Project object */;
			proxyType = 1;
			remoteGlobalIDString = ED75D32C1E8C4782006D6082;
			remoteInfo = ImSmart;
		};
/* End PBXContainerItemProxy section */

/* Begin PBXCopyFilesBuildPhase section */
		ED9C58901E8E49C400F57B8F /* Embed Frameworks */ = {
			isa = PBXCopyFilesBuildPhase;
			buildActionMask = 2147483647;
			dstPath = "";
			dstSubfolderSpec = 10;
			files = (
				EDAB2C431E952EB4006DF616 /* RxCocoa.framework in Embed Frameworks */,
				76AF5B1E1EBB952300A6EAB1 /* AlamofireObjectMapper.framework in Embed Frameworks */,
				76577C0F1EBFB96000D33080 /* NVActivityIndicatorView.framework in Embed Frameworks */,
				ED953A0C1EB37B5900D622CB /* Alamofire.framework in Embed Frameworks */,
				ED9C588F1E8E49C400F57B8F /* RxSwift.framework in Embed Frameworks */,
				76615D031EC4BC5A008C1018 /* AKPickerView.framework in Embed Frameworks */,
				ED5954B51E981B3600C3E047 /* Spruce.framework in Embed Frameworks */,
				EDC5047F1EAB64350086B377 /* SocketIO.framework in Embed Frameworks */,
				76AF5B211EBB9BE500A6EAB1 /* ObjectMapper.framework in Embed Frameworks */,
				ED1BACCC1E98FF43005F7F75 /* SnapKit.framework in Embed Frameworks */,
			);
			name = "Embed Frameworks";
			runOnlyForDeploymentPostprocessing = 0;
		};
/* End PBXCopyFilesBuildPhase section */

/* Begin PBXFileReference section */
		1AABF7D91EB5427E00BFAD42 /* LocationManager.swift */ = {isa = PBXFileReference; fileEncoding = 4; lastKnownFileType = sourcecode.swift; path = LocationManager.swift; sourceTree = "<group>"; };
		7639CB171EA355760050FEF2 /* Model.xcdatamodel */ = {isa = PBXFileReference; lastKnownFileType = wrapper.xcdatamodel; path = Model.xcdatamodel; sourceTree = "<group>"; };
		76577C0D1EBFB96000D33080 /* NVActivityIndicatorView.framework */ = {isa = PBXFileReference; lastKnownFileType = wrapper.framework; name = NVActivityIndicatorView.framework; path = Carthage/Build/iOS/NVActivityIndicatorView.framework; sourceTree = "<group>"; };
		765BF3171EBE09FF00F5DDF1 /* BeaconShape.swift */ = {isa = PBXFileReference; fileEncoding = 4; lastKnownFileType = sourcecode.swift; name = BeaconShape.swift; path = JMCiBeaconManager/BeaconShape.swift; sourceTree = "<group>"; };
		765BF3181EBE09FF00F5DDF1 /* DataStructures.swift */ = {isa = PBXFileReference; fileEncoding = 4; lastKnownFileType = sourcecode.swift; name = DataStructures.swift; path = JMCiBeaconManager/DataStructures.swift; sourceTree = "<group>"; };
		765BF3191EBE09FF00F5DDF1 /* JMCBeaconManager.swift */ = {isa = PBXFileReference; fileEncoding = 4; lastKnownFileType = sourcecode.swift; name = JMCBeaconManager.swift; path = JMCiBeaconManager/JMCBeaconManager.swift; sourceTree = "<group>"; };
		765BF31A1EBE09FF00F5DDF1 /* JMCBluetoothManager.swift */ = {isa = PBXFileReference; fileEncoding = 4; lastKnownFileType = sourcecode.swift; name = JMCBluetoothManager.swift; path = JMCiBeaconManager/JMCBluetoothManager.swift; sourceTree = "<group>"; };
		765BF31C1EBE09FF00F5DDF1 /* PWDisplayLinker.swift */ = {isa = PBXFileReference; fileEncoding = 4; lastKnownFileType = sourcecode.swift; name = PWDisplayLinker.swift; path = JMCiBeaconManager/PWDisplayLinker.swift; sourceTree = "<group>"; };
		765BF31D1EBE09FF00F5DDF1 /* PWDisplayLinkerDelegate.swift */ = {isa = PBXFileReference; fileEncoding = 4; lastKnownFileType = sourcecode.swift; name = PWDisplayLinkerDelegate.swift; path = JMCiBeaconManager/PWDisplayLinkerDelegate.swift; sourceTree = "<group>"; };
		765BF31E1EBE09FF00F5DDF1 /* RadarScannerShape.swift */ = {isa = PBXFileReference; fileEncoding = 4; lastKnownFileType = sourcecode.swift; name = RadarScannerShape.swift; path = JMCiBeaconManager/RadarScannerShape.swift; sourceTree = "<group>"; };
		765BF3281EBE582100F5DDF1 /* AddLightViewController.swift */ = {isa = PBXFileReference; fileEncoding = 4; lastKnownFileType = sourcecode.swift; path = AddLightViewController.swift; sourceTree = "<group>"; };
		76615D011EC4BC5A008C1018 /* AKPickerView.framework */ = {isa = PBXFileReference; lastKnownFileType = wrapper.framework; name = AKPickerView.framework; path = Carthage/Build/iOS/AKPickerView.framework; sourceTree = "<group>"; };
		76AF5B1C1EBB952300A6EAB1 /* AlamofireObjectMapper.framework */ = {isa = PBXFileReference; lastKnownFileType = wrapper.framework; name = AlamofireObjectMapper.framework; path = Carthage/Build/iOS/AlamofireObjectMapper.framework; sourceTree = "<group>"; };
		76AF5B1F1EBB9BE500A6EAB1 /* ObjectMapper.framework */ = {isa = PBXFileReference; lastKnownFileType = wrapper.framework; name = ObjectMapper.framework; path = Carthage/Build/iOS/ObjectMapper.framework; sourceTree = "<group>"; };
		76E839E11EBE70A3009E7E93 /* JMCRadarView.swift */ = {isa = PBXFileReference; fileEncoding = 4; lastKnownFileType = sourcecode.swift; name = JMCRadarView.swift; path = JMCiBeaconManager/JMCRadarView.swift; sourceTree = "<group>"; };
		ED1117941E9AD337006EC259 /* Helper.swift */ = {isa = PBXFileReference; fileEncoding = 4; lastKnownFileType = sourcecode.swift; path = Helper.swift; sourceTree = "<group>"; };
		ED171EC01E8F89EB006791C6 /* HomeViewController.swift */ = {isa = PBXFileReference; fileEncoding = 4; lastKnownFileType = sourcecode.swift; path = HomeViewController.swift; sourceTree = "<group>"; };
		ED171EC61E8F8CEF006791C6 /* LocalStore.swift */ = {isa = PBXFileReference; fileEncoding = 4; lastKnownFileType = sourcecode.swift; path = LocalStore.swift; sourceTree = "<group>"; };
		ED171EC81E8F8D09006791C6 /* HomeViewModel.swift */ = {isa = PBXFileReference; fileEncoding = 4; lastKnownFileType = sourcecode.swift; path = HomeViewModel.swift; sourceTree = "<group>"; };
		ED1BACC61E98EA64005F7F75 /* ColorExtension.swift */ = {isa = PBXFileReference; fileEncoding = 4; lastKnownFileType = sourcecode.swift; path = ColorExtension.swift; sourceTree = "<group>"; };
		ED1BACC81E98EAB2005F7F75 /* Theme.swift */ = {isa = PBXFileReference; fileEncoding = 4; lastKnownFileType = sourcecode.swift; path = Theme.swift; sourceTree = "<group>"; };
		ED1BACCA1E98FF43005F7F75 /* SnapKit.framework */ = {isa = PBXFileReference; lastKnownFileType = wrapper.framework; name = SnapKit.framework; path = Carthage/Build/iOS/SnapKit.framework; sourceTree = "<group>"; };
		ED1BACCD1E999494005F7F75 /* BrightnessViewController.swift */ = {isa = PBXFileReference; fileEncoding = 4; lastKnownFileType = sourcecode.swift; path = BrightnessViewController.swift; sourceTree = "<group>"; };
		ED2D3C781EB6127500BC46AF /* default.gpx */ = {isa = PBXFileReference; fileEncoding = 4; lastKnownFileType = text.xml; path = default.gpx; sourceTree = "<group>"; };
		ED2D3C7B1EB619CC00BC46AF /* UIApplicationExtension.swift */ = {isa = PBXFileReference; fileEncoding = 4; lastKnownFileType = sourcecode.swift; path = UIApplicationExtension.swift; sourceTree = "<group>"; };
		ED2D3C7D1EB640E900BC46AT /* CoreDataLightOperations.swift */ = {isa = PBXFileReference; fileEncoding = 4; lastKnownFileType = sourcecode.swift; path = CoreDataLightOperations.swift; sourceTree = "<group>"; };
		ED2D3C7F1EB704A800BC46AT /* LightProperties.swift */ = {isa = PBXFileReference; fileEncoding = 4; lastKnownFileType = sourcecode.swift; path = LightProperties.swift; sourceTree = "<group>"; };
		ED2D3CA61EB73FEB00BC46AF /* LightModel.swift */ = {isa = PBXFileReference; fileEncoding = 4; lastKnownFileType = sourcecode.swift; path = LightModel.swift; sourceTree = "<group>"; };
		ED3281251EB7C36D00DF20F6 /* AirConditionerModel.swift */ = {isa = PBXFileReference; fileEncoding = 4; lastKnownFileType = sourcecode.swift; path = AirConditionerModel.swift; sourceTree = "<group>"; };
		ED504F5F1EB84FF100802BE3 /* AirConditioner.swift */ = {isa = PBXFileReference; fileEncoding = 4; lastKnownFileType = sourcecode.swift; path = AirConditioner.swift; sourceTree = "<group>"; };
		ED504F601EB84FF100802BE3 /* AirConditionerProperties.swift */ = {isa = PBXFileReference; fileEncoding = 4; lastKnownFileType = sourcecode.swift; path = AirConditionerProperties.swift; sourceTree = "<group>"; };
		ED504F631EB8519C00802BE3 /* CoreDataAirConditionerOperations.swift */ = {isa = PBXFileReference; fileEncoding = 4; lastKnownFileType = sourcecode.swift; path = CoreDataAirConditionerOperations.swift; sourceTree = "<group>"; };
		ED504F651EB851F900802BE3 /* AirConditionerViewModel.swift */ = {isa = PBXFileReference; fileEncoding = 4; lastKnownFileType = sourcecode.swift; path = AirConditionerViewModel.swift; sourceTree = "<group>"; };
		ED504F671EB85A1100802BE3 /* AirConditionerCellViewModel.swift */ = {isa = PBXFileReference; fileEncoding = 4; lastKnownFileType = sourcecode.swift; path = AirConditionerCellViewModel.swift; sourceTree = "<group>"; };
		ED504F691EB8912C00802BE3 /* StoreType.swift */ = {isa = PBXFileReference; fileEncoding = 4; lastKnownFileType = sourcecode.swift; path = StoreType.swift; sourceTree = "<group>"; };
		ED51680F1EB4B523000813C7 /* Retrier.swift */ = {isa = PBXFileReference; fileEncoding = 4; lastKnownFileType = sourcecode.swift; path = Retrier.swift; sourceTree = "<group>"; };
		ED5168141EB50201000813C7 /* GSMessage.swift */ = {isa = PBXFileReference; fileEncoding = 4; lastKnownFileType = sourcecode.swift; path = GSMessage.swift; sourceTree = "<group>"; };
		ED53DA381E9AEAE2002B6CDD /* HelperTests.swift */ = {isa = PBXFileReference; fileEncoding = 4; lastKnownFileType = sourcecode.swift; path = HelperTests.swift; sourceTree = "<group>"; };
		ED5954B31E981B3600C3E047 /* Spruce.framework */ = {isa = PBXFileReference; lastKnownFileType = wrapper.framework; name = Spruce.framework; path = Carthage/Build/iOS/Spruce.framework; sourceTree = "<group>"; };
		ED5954B61E9898FB00C3E047 /* LightViewModel.swift */ = {isa = PBXFileReference; fileEncoding = 4; lastKnownFileType = sourcecode.swift; path = LightViewModel.swift; sourceTree = "<group>"; };
		ED67474E1E95663700C925D0 /* FridgeViewController.swift */ = {isa = PBXFileReference; fileEncoding = 4; lastKnownFileType = sourcecode.swift; path = FridgeViewController.swift; sourceTree = "<group>"; };
		ED6747501E9567CC00C925D0 /* ShoppingCartViewController.swift */ = {isa = PBXFileReference; fileEncoding = 4; lastKnownFileType = sourcecode.swift; path = ShoppingCartViewController.swift; sourceTree = "<group>"; };
		ED75D32D1E8C478A006D6082 /* ImSmart.app */ = {isa = PBXFileReference; explicitFileType = wrapper.application; includeInIndex = 0; path = ImSmart.app; sourceTree = BUILT_PRODUCTS_DIR; };
		ED75D3301E8C478A006D6082 /* AppDelegate.swift */ = {isa = PBXFileReference; lastKnownFileType = sourcecode.swift; path = AppDelegate.swift; sourceTree = "<group>"; };
		ED75D3351E8C478B006D6082 /* Base */ = {isa = PBXFileReference; lastKnownFileType = file.storyboard; name = Base; path = Base.lproj/Main.storyboard; sourceTree = "<group>"; };
		ED75D3371E8C478B006D6082 /* Assets.xcassets */ = {isa = PBXFileReference; lastKnownFileType = folder.assetcatalog; path = Assets.xcassets; sourceTree = "<group>"; };
		ED75D33A1E8C478B006D6082 /* Base */ = {isa = PBXFileReference; lastKnownFileType = file.storyboard; name = Base; path = Base.lproj/LaunchScreen.storyboard; sourceTree = "<group>"; };
		ED75D33C1E8C478B006D6082 /* Info.plist */ = {isa = PBXFileReference; lastKnownFileType = text.plist.xml; path = Info.plist; sourceTree = "<group>"; };
		ED75D3411E8C478B006D6082 /* ImSmartTests.xctest */ = {isa = PBXFileReference; explicitFileType = wrapper.cfbundle; includeInIndex = 0; path = ImSmartTests.xctest; sourceTree = BUILT_PRODUCTS_DIR; };
		ED75D3471E8C478B006D6082 /* Info.plist */ = {isa = PBXFileReference; lastKnownFileType = text.plist.xml; path = Info.plist; sourceTree = "<group>"; };
		ED75D34C1E8C478B006D6082 /* ImSmartUITests.xctest */ = {isa = PBXFileReference; explicitFileType = wrapper.cfbundle; includeInIndex = 0; path = ImSmartUITests.xctest; sourceTree = BUILT_PRODUCTS_DIR; };
		ED75D3521E8C478B006D6082 /* Info.plist */ = {isa = PBXFileReference; lastKnownFileType = text.plist.xml; path = Info.plist; sourceTree = "<group>"; };
		ED810EC21E9BB4A9005F701E /* DataSynchronizationManager.swift */ = {isa = PBXFileReference; fileEncoding = 4; lastKnownFileType = sourcecode.swift; path = DataSynchronizationManager.swift; sourceTree = "<group>"; };
		ED8896CD1EAEC3F90064404E /* RemoteStore.swift */ = {isa = PBXFileReference; fileEncoding = 4; lastKnownFileType = sourcecode.swift; path = RemoteStore.swift; sourceTree = "<group>"; };
		ED953A0A1EB37B5900D622CB /* Alamofire.framework */ = {isa = PBXFileReference; lastKnownFileType = wrapper.framework; name = Alamofire.framework; path = Carthage/Build/iOS/Alamofire.framework; sourceTree = "<group>"; };
		ED9792D21E9010A5004827D4 /* UIFunctionality.swift */ = {isa = PBXFileReference; fileEncoding = 4; lastKnownFileType = sourcecode.swift; path = UIFunctionality.swift; sourceTree = "<group>"; };
		ED9C588B1E8E49C400F57B8F /* RxSwift.framework */ = {isa = PBXFileReference; lastKnownFileType = wrapper.framework; name = RxSwift.framework; path = Carthage/Build/iOS/RxSwift.framework; sourceTree = "<group>"; };
		EDA77A7C1E9571DB002C801B /* LightsTableViewCell.swift */ = {isa = PBXFileReference; fileEncoding = 4; lastKnownFileType = sourcecode.swift; path = LightsTableViewCell.swift; sourceTree = "<group>"; };
		EDA77A7E1E957CE0002C801B /* LightsMockup.swift */ = {isa = PBXFileReference; fileEncoding = 4; lastKnownFileType = sourcecode.swift; path = LightsMockup.swift; sourceTree = "<group>"; };
		EDAB2C3F1E95287F006DF616 /* Constants.swift */ = {isa = PBXFileReference; fileEncoding = 4; lastKnownFileType = sourcecode.swift; path = Constants.swift; sourceTree = "<group>"; };
		EDAB2C411E952EB4006DF616 /* RxCocoa.framework */ = {isa = PBXFileReference; lastKnownFileType = wrapper.framework; name = RxCocoa.framework; path = Carthage/Build/iOS/RxCocoa.framework; sourceTree = "<group>"; };
		EDAB2C471E953411006DF616 /* RxTest.framework */ = {isa = PBXFileReference; lastKnownFileType = wrapper.framework; name = RxTest.framework; path = Carthage/Build/iOS/RxTest.framework; sourceTree = "<group>"; };
		EDAB2C531E9537D5006DF616 /* LightTests.swift */ = {isa = PBXFileReference; fileEncoding = 4; lastKnownFileType = sourcecode.swift; path = LightTests.swift; sourceTree = "<group>"; };
		EDC5047D1EAB64350086B377 /* SocketIO.framework */ = {isa = PBXFileReference; lastKnownFileType = wrapper.framework; name = SocketIO.framework; path = Carthage/Build/iOS/SocketIO.framework; sourceTree = "<group>"; };
		EDC504801EAB64710086B377 /* SocketIOManager.swift */ = {isa = PBXFileReference; fileEncoding = 4; lastKnownFileType = sourcecode.swift; path = SocketIOManager.swift; sourceTree = "<group>"; };
		EDD938071E941DE000FB1797 /* LightCellViewModel.swift */ = {isa = PBXFileReference; fileEncoding = 4; lastKnownFileType = sourcecode.swift; path = LightCellViewModel.swift; sourceTree = "<group>"; };
		EDD938091E941E5300FB1797 /* Light.swift */ = {isa = PBXFileReference; fileEncoding = 4; lastKnownFileType = sourcecode.swift; path = Light.swift; sourceTree = "<group>"; };
		EDD9380B1E942BC400FB1797 /* LightCellViewModelTests.swift */ = {isa = PBXFileReference; fileEncoding = 4; lastKnownFileType = sourcecode.swift; path = LightCellViewModelTests.swift; sourceTree = "<group>"; };
		EDF791E61E9554A00078E98B /* AirConditionerViewController.swift */ = {isa = PBXFileReference; fileEncoding = 4; lastKnownFileType = sourcecode.swift; path = AirConditionerViewController.swift; sourceTree = "<group>"; };
		EDF791E81E9557120078E98B /* LightViewController.swift */ = {isa = PBXFileReference; fileEncoding = 4; lastKnownFileType = sourcecode.swift; path = LightViewController.swift; sourceTree = "<group>"; };
/* End PBXFileReference section */

/* Begin PBXFrameworksBuildPhase section */
		ED75D32A1E8C4782006D6082 /* Frameworks */ = {
			isa = PBXFrameworksBuildPhase;
			buildActionMask = 2147483647;
			files = (
				EDAB2C421E952EB4006DF616 /* RxCocoa.framework in Frameworks */,
				76AF5B1D1EBB952300A6EAB1 /* AlamofireObjectMapper.framework in Frameworks */,
				76577C0E1EBFB96000D33080 /* NVActivityIndicatorView.framework in Frameworks */,
				ED953A0B1EB37B5900D622CB /* Alamofire.framework in Frameworks */,
				ED9C588E1E8E49C400F57B8F /* RxSwift.framework in Frameworks */,
				76615D021EC4BC5A008C1018 /* AKPickerView.framework in Frameworks */,
				ED5954B41E981B3600C3E047 /* Spruce.framework in Frameworks */,
				EDC5047E1EAB64350086B377 /* SocketIO.framework in Frameworks */,
				76AF5B201EBB9BE500A6EAB1 /* ObjectMapper.framework in Frameworks */,
				ED1BACCB1E98FF43005F7F75 /* SnapKit.framework in Frameworks */,
			);
			runOnlyForDeploymentPostprocessing = 0;
		};
		ED75D33E1E8C478B006D6082 /* Frameworks */ = {
			isa = PBXFrameworksBuildPhase;
			buildActionMask = 2147483647;
			files = (
				EDAB2C451E953407006DF616 /* RxSwift.framework in Frameworks */,
				EDAB2C441E9533FC006DF616 /* RxCocoa.framework in Frameworks */,
			);
			runOnlyForDeploymentPostprocessing = 0;
		};
		ED75D3491E8C478B006D6082 /* Frameworks */ = {
			isa = PBXFrameworksBuildPhase;
			buildActionMask = 2147483647;
			files = (
			);
			runOnlyForDeploymentPostprocessing = 0;
		};
/* End PBXFrameworksBuildPhase section */

/* Begin PBXGroup section */
		1AABF7DD1EB5D53600BFAD42 /* CLLocationManager */ = {
			isa = PBXGroup;
			children = (
				1AABF7D91EB5427E00BFAD42 /* LocationManager.swift */,
			);
			name = CLLocationManager;
			sourceTree = "<group>";
		};
		1AABF7DE1EB5DB9800BFAD42 /* Location */ = {
			isa = PBXGroup;
			children = (
				ED2D3C781EB6127500BC46AF /* default.gpx */,
			);
			name = Location;
			sourceTree = "<group>";
		};
		7639CB151EA3554E0050FEF2 /* CoreData */ = {
			isa = PBXGroup;
			children = (
				7639CB161EA355760050FEF2 /* Model.xcdatamodeld */,
				ED2D3C7D1EB640E900BC46AT /* CoreDataLightOperations.swift */,
				ED504F631EB8519C00802BE3 /* CoreDataAirConditionerOperations.swift */,
			);
			name = CoreData;
			sourceTree = "<group>";
		};
		765BF3271EBE0A0700F5DDF1 /* JMCiBeaconManager */ = {
			isa = PBXGroup;
			children = (
				76E839E11EBE70A3009E7E93 /* JMCRadarView.swift */,
				765BF3171EBE09FF00F5DDF1 /* BeaconShape.swift */,
				765BF3181EBE09FF00F5DDF1 /* DataStructures.swift */,
				765BF3191EBE09FF00F5DDF1 /* JMCBeaconManager.swift */,
				765BF31A1EBE09FF00F5DDF1 /* JMCBluetoothManager.swift */,
				765BF31C1EBE09FF00F5DDF1 /* PWDisplayLinker.swift */,
				765BF31D1EBE09FF00F5DDF1 /* PWDisplayLinkerDelegate.swift */,
				765BF31E1EBE09FF00F5DDF1 /* RadarScannerShape.swift */,
			);
			name = JMCiBeaconManager;
			sourceTree = "<group>";
		};
		76DCEE531EC244570046CA2F /* AirConditioner */ = {
			isa = PBXGroup;
			children = (
				ED504F5F1EB84FF100802BE3 /* AirConditioner.swift */,
				ED504F601EB84FF100802BE3 /* AirConditionerProperties.swift */,
				ED3281251EB7C36D00DF20F6 /* AirConditionerModel.swift */,
			);
			name = AirConditioner;
			sourceTree = "<group>";
		};
		76DCEE541EC244650046CA2F /* Light */ = {
			isa = PBXGroup;
			children = (
				EDD938091E941E5300FB1797 /* Light.swift */,
				ED2D3C7F1EB704A800BC46AT /* LightProperties.swift */,
				ED2D3CA61EB73FEB00BC46AF /* LightModel.swift */,
			);
			name = Light;
			sourceTree = "<group>";
		};
		ED171EBD1E8F87E2006791C6 /* Model */ = {
			isa = PBXGroup;
			children = (
				76DCEE531EC244570046CA2F /* AirConditioner */,
				76DCEE541EC244650046CA2F /* Light */,
			);
			name = Model;
			sourceTree = "<group>";
		};
		ED171EBE1E8F87EA006791C6 /* ViewModel */ = {
			isa = PBXGroup;
			children = (
				ED5954B81E98990200C3E047 /* CellViewModel */,
				ED171EC81E8F8D09006791C6 /* HomeViewModel.swift */,
				ED5954B61E9898FB00C3E047 /* LightViewModel.swift */,
				ED504F651EB851F900802BE3 /* AirConditionerViewModel.swift */,
			);
			name = ViewModel;
			sourceTree = "<group>";
		};
		ED171EBF1E8F87F5006791C6 /* Controller */ = {
			isa = PBXGroup;
			children = (
				ED171EC01E8F89EB006791C6 /* HomeViewController.swift */,
				EDF791E81E9557120078E98B /* LightViewController.swift */,
				ED1BACCD1E999494005F7F75 /* BrightnessViewController.swift */,
				EDF791E61E9554A00078E98B /* AirConditionerViewController.swift */,
				ED67474E1E95663700C925D0 /* FridgeViewController.swift */,
				ED6747501E9567CC00C925D0 /* ShoppingCartViewController.swift */,
				765BF3281EBE582100F5DDF1 /* AddLightViewController.swift */,
			);
			name = Controller;
			sourceTree = "<group>";
		};
		ED171EC21E8F8CAB006791C6 /* Helper */ = {
			isa = PBXGroup;
			children = (
				ED5168141EB50201000813C7 /* GSMessage.swift */,
				ED9792D21E9010A5004827D4 /* UIFunctionality.swift */,
				EDAB2C3F1E95287F006DF616 /* Constants.swift */,
				ED1BACC81E98EAB2005F7F75 /* Theme.swift */,
				ED1117941E9AD337006EC259 /* Helper.swift */,
			);
			name = Helper;
			sourceTree = "<group>";
		};
		ED171EC31E8F8CB4006791C6 /* Store */ = {
			isa = PBXGroup;
			children = (
				ED51680E1EB4B515000813C7 /* Alamofire */,
				ED171EC61E8F8CEF006791C6 /* LocalStore.swift */,
				ED8896CD1EAEC3F90064404E /* RemoteStore.swift */,
				ED504F691EB8912C00802BE3 /* StoreType.swift */,
			);
			name = Store;
			sourceTree = "<group>";
		};
		ED2D3C7A1EB619BB00BC46AF /* Extensions */ = {
			isa = PBXGroup;
			children = (
				ED1BACC61E98EA64005F7F75 /* ColorExtension.swift */,
				ED2D3C7B1EB619CC00BC46AF /* UIApplicationExtension.swift */,
			);
			name = Extensions;
			sourceTree = "<group>";
		};
		ED51680E1EB4B515000813C7 /* Alamofire */ = {
			isa = PBXGroup;
			children = (
				ED51680F1EB4B523000813C7 /* Retrier.swift */,
			);
			name = Alamofire;
			sourceTree = "<group>";
		};
		ED5954B81E98990200C3E047 /* CellViewModel */ = {
			isa = PBXGroup;
			children = (
				EDD938071E941DE000FB1797 /* LightCellViewModel.swift */,
				ED504F671EB85A1100802BE3 /* AirConditionerCellViewModel.swift */,
			);
			name = CellViewModel;
			sourceTree = "<group>";
		};
		ED75D3241E8C4782006D6082 = {
			isa = PBXGroup;
			children = (
				76615D011EC4BC5A008C1018 /* AKPickerView.framework */,
				ED810EC11E9BB440005F701E /* ExternalLibraries */,
				ED75D32F1E8C478A006D6082 /* ImSmart */,
				ED75D3441E8C478B006D6082 /* ImSmartTests */,
				ED75D34F1E8C478B006D6082 /* ImSmartUITests */,
				ED75D32E1E8C478A006D6082 /* Products */,
				EDAB2C461E953411006DF616 /* Frameworks */,
			);
			sourceTree = "<group>";
		};
		ED75D32E1E8C478A006D6082 /* Products */ = {
			isa = PBXGroup;
			children = (
				ED75D32D1E8C478A006D6082 /* ImSmart.app */,
				ED75D3411E8C478B006D6082 /* ImSmartTests.xctest */,
				ED75D34C1E8C478B006D6082 /* ImSmartUITests.xctest */,
			);
			name = Products;
			sourceTree = "<group>";
		};
		ED75D32F1E8C478A006D6082 /* ImSmart */ = {
			isa = PBXGroup;
			children = (
				ED75D3301E8C478A006D6082 /* AppDelegate.swift */,
				765BF3271EBE0A0700F5DDF1 /* JMCiBeaconManager */,
				7639CB151EA3554E0050FEF2 /* CoreData */,
				ED171EC31E8F8CB4006791C6 /* Store */,
				ED171EC21E8F8CAB006791C6 /* Helper */,
				ED2D3C7A1EB619BB00BC46AF /* Extensions */,
				ED171EBF1E8F87F5006791C6 /* Controller */,
				ED171EBD1E8F87E2006791C6 /* Model */,
				EDA77A7B1E9571A8002C801B /* View */,
				ED171EBE1E8F87EA006791C6 /* ViewModel */,
				EDA77A811E957CEF002C801B /* MockupData */,
				ED810EBE1E9BB399005F701E /* MultipeerConnectivity */,
				EDC504821EAB64780086B377 /* Socket */,
				1AABF7DD1EB5D53600BFAD42 /* CLLocationManager */,
				ED810EBF1E9BB3ED005F701E /* Storyboards */,
				ED810EC01E9BB41C005F701E /* SupportingFiles */,
			);
			path = ImSmart;
			sourceTree = "<group>";
		};
		ED75D3441E8C478B006D6082 /* ImSmartTests */ = {
			isa = PBXGroup;
			children = (
				EDAB2C501E9536B2006DF616 /* Store */,
				EDAB2C4F1E9536AB006DF616 /* Helper */,
				EDAB2C4E1E95369A006DF616 /* Controller */,
				EDAB2C4D1E953693006DF616 /* ViewModel */,
				EDAB2C4C1E953685006DF616 /* Model */,
				ED75D3471E8C478B006D6082 /* Info.plist */,
			);
			path = ImSmartTests;
			sourceTree = "<group>";
		};
		ED75D34F1E8C478B006D6082 /* ImSmartUITests */ = {
			isa = PBXGroup;
			children = (
				ED75D3521E8C478B006D6082 /* Info.plist */,
			);
			path = ImSmartUITests;
			sourceTree = "<group>";
		};
		ED810EBE1E9BB399005F701E /* MultipeerConnectivity */ = {
			isa = PBXGroup;
			children = (
				ED810EC21E9BB4A9005F701E /* DataSynchronizationManager.swift */,
			);
			name = MultipeerConnectivity;
			sourceTree = "<group>";
		};
		ED810EBF1E9BB3ED005F701E /* Storyboards */ = {
			isa = PBXGroup;
			children = (
				ED75D3341E8C478B006D6082 /* Main.storyboard */,
				ED75D3391E8C478B006D6082 /* LaunchScreen.storyboard */,
			);
			name = Storyboards;
			sourceTree = "<group>";
		};
		ED810EC01E9BB41C005F701E /* SupportingFiles */ = {
			isa = PBXGroup;
			children = (
				ED75D3371E8C478B006D6082 /* Assets.xcassets */,
				ED75D33C1E8C478B006D6082 /* Info.plist */,
			);
			name = SupportingFiles;
			sourceTree = "<group>";
		};
		ED810EC11E9BB440005F701E /* ExternalLibraries */ = {
			isa = PBXGroup;
			children = (
				76577C0D1EBFB96000D33080 /* NVActivityIndicatorView.framework */,
				76AF5B1F1EBB9BE500A6EAB1 /* ObjectMapper.framework */,
				76AF5B1C1EBB952300A6EAB1 /* AlamofireObjectMapper.framework */,
				ED953A0A1EB37B5900D622CB /* Alamofire.framework */,
				EDC5047D1EAB64350086B377 /* SocketIO.framework */,
				ED1BACCA1E98FF43005F7F75 /* SnapKit.framework */,
				ED5954B31E981B3600C3E047 /* Spruce.framework */,
				EDAB2C411E952EB4006DF616 /* RxCocoa.framework */,
				ED9C588B1E8E49C400F57B8F /* RxSwift.framework */,
			);
			name = ExternalLibraries;
			sourceTree = "<group>";
		};
		EDA77A7B1E9571A8002C801B /* View */ = {
			isa = PBXGroup;
			children = (
				EDA77A7C1E9571DB002C801B /* LightsTableViewCell.swift */,
			);
			name = View;
			sourceTree = "<group>";
		};
		EDA77A811E957CEF002C801B /* MockupData */ = {
			isa = PBXGroup;
			children = (
				1AABF7DE1EB5DB9800BFAD42 /* Location */,
				EDA77A7E1E957CE0002C801B /* LightsMockup.swift */,
			);
			name = MockupData;
			sourceTree = "<group>";
		};
		EDAB2C461E953411006DF616 /* Frameworks */ = {
			isa = PBXGroup;
			children = (
				EDAB2C471E953411006DF616 /* RxTest.framework */,
			);
			name = Frameworks;
			sourceTree = "<group>";
		};
		EDAB2C4C1E953685006DF616 /* Model */ = {
			isa = PBXGroup;
			children = (
				EDAB2C531E9537D5006DF616 /* LightTests.swift */,
			);
			name = Model;
			sourceTree = "<group>";
		};
		EDAB2C4D1E953693006DF616 /* ViewModel */ = {
			isa = PBXGroup;
			children = (
				EDD9380B1E942BC400FB1797 /* LightCellViewModelTests.swift */,
			);
			name = ViewModel;
			sourceTree = "<group>";
		};
		EDAB2C4E1E95369A006DF616 /* Controller */ = {
			isa = PBXGroup;
			children = (
			);
			name = Controller;
			sourceTree = "<group>";
		};
		EDAB2C4F1E9536AB006DF616 /* Helper */ = {
			isa = PBXGroup;
			children = (
				ED53DA381E9AEAE2002B6CDD /* HelperTests.swift */,
			);
			name = Helper;
			sourceTree = "<group>";
		};
		EDAB2C501E9536B2006DF616 /* Store */ = {
			isa = PBXGroup;
			children = (
			);
			name = Store;
			sourceTree = "<group>";
		};
		EDC504821EAB64780086B377 /* Socket */ = {
			isa = PBXGroup;
			children = (
				EDC504801EAB64710086B377 /* SocketIOManager.swift */,
			);
			name = Socket;
			sourceTree = "<group>";
		};
/* End PBXGroup section */

/* Begin PBXNativeTarget section */
		ED75D32C1E8C4782006D6082 /* ImSmart */ = {
			isa = PBXNativeTarget;
			buildConfigurationList = ED75D3551E8C478B006D6082 /* Build configuration list for PBXNativeTarget "ImSmart" */;
			buildPhases = (
				ED75D3291E8C4782006D6082 /* Sources */,
				ED75D32A1E8C4782006D6082 /* Frameworks */,
				ED75D32B1E8C4782006D6082 /* Resources */,
				ED75D3621E8C498B006D6082 /* ShellScript */,
				ED9C58901E8E49C400F57B8F /* Embed Frameworks */,
			);
			buildRules = (
			);
			dependencies = (
			);
			name = ImSmart;
			productName = ImSmart;
			productReference = ED75D32D1E8C478A006D6082 /* ImSmart.app */;
			productType = "com.apple.product-type.application";
		};
		ED75D3401E8C478B006D6082 /* ImSmartTests */ = {
			isa = PBXNativeTarget;
			buildConfigurationList = ED75D3581E8C478B006D6082 /* Build configuration list for PBXNativeTarget "ImSmartTests" */;
			buildPhases = (
				ED75D33D1E8C478B006D6082 /* Sources */,
				ED75D33E1E8C478B006D6082 /* Frameworks */,
				ED75D33F1E8C478B006D6082 /* Resources */,
				EDAB2C491E953417006DF616 /* ShellScript */,
			);
			buildRules = (
			);
			dependencies = (
				ED75D3431E8C478B006D6082 /* PBXTargetDependency */,
			);
			name = ImSmartTests;
			productName = ImSmartTests;
			productReference = ED75D3411E8C478B006D6082 /* ImSmartTests.xctest */;
			productType = "com.apple.product-type.bundle.unit-test";
		};
		ED75D34B1E8C478B006D6082 /* ImSmartUITests */ = {
			isa = PBXNativeTarget;
			buildConfigurationList = ED75D35B1E8C478B006D6082 /* Build configuration list for PBXNativeTarget "ImSmartUITests" */;
			buildPhases = (
				ED75D3481E8C478B006D6082 /* Sources */,
				ED75D3491E8C478B006D6082 /* Frameworks */,
				ED75D34A1E8C478B006D6082 /* Resources */,
			);
			buildRules = (
			);
			dependencies = (
				ED75D34E1E8C478B006D6082 /* PBXTargetDependency */,
			);
			name = ImSmartUITests;
			productName = ImSmartUITests;
			productReference = ED75D34C1E8C478B006D6082 /* ImSmartUITests.xctest */;
			productType = "com.apple.product-type.bundle.ui-testing";
		};
/* End PBXNativeTarget section */

/* Begin PBXProject section */
		ED75D3251E8C4782006D6082 /* Project object */ = {
			isa = PBXProject;
			attributes = {
				LastSwiftUpdateCheck = 0820;
				LastUpgradeCheck = 0820;
				ORGANIZATIONNAME = LetsDev;
				TargetAttributes = {
					ED75D32C1E8C4782006D6082 = {
						CreatedOnToolsVersion = 8.2.1;
						DevelopmentTeam = 86M37DGEMQ;
						LastSwiftMigration = 0830;
						ProvisioningStyle = Automatic;
					};
					ED75D3401E8C478B006D6082 = {
						CreatedOnToolsVersion = 8.2.1;
						DevelopmentTeam = 86M37DGEMQ;
						LastSwiftMigration = 0830;
						ProvisioningStyle = Automatic;
						TestTargetID = ED75D32C1E8C4782006D6082;
					};
					ED75D34B1E8C478B006D6082 = {
						CreatedOnToolsVersion = 8.2.1;
						DevelopmentTeam = 86M37DGEMQ;
						LastSwiftMigration = 0830;
						ProvisioningStyle = Automatic;
						TestTargetID = ED75D32C1E8C4782006D6082;
					};
				};
			};
			buildConfigurationList = ED75D3281E8C4782006D6082 /* Build configuration list for PBXProject "ImSmart" */;
			compatibilityVersion = "Xcode 3.2";
			developmentRegion = English;
			hasScannedForEncodings = 0;
			knownRegions = (
				en,
				Base,
			);
			mainGroup = ED75D3241E8C4782006D6082;
			productRefGroup = ED75D32E1E8C478A006D6082 /* Products */;
			projectDirPath = "";
			projectRoot = "";
			targets = (
				ED75D32C1E8C4782006D6082 /* ImSmart */,
				ED75D3401E8C478B006D6082 /* ImSmartTests */,
				ED75D34B1E8C478B006D6082 /* ImSmartUITests */,
			);
		};
/* End PBXProject section */

/* Begin PBXResourcesBuildPhase section */
		ED75D32B1E8C4782006D6082 /* Resources */ = {
			isa = PBXResourcesBuildPhase;
			buildActionMask = 2147483647;
			files = (
				ED75D33B1E8C478B006D6082 /* LaunchScreen.storyboard in Resources */,
				ED75D3381E8C478B006D6082 /* Assets.xcassets in Resources */,
				ED75D3361E8C478B006D6082 /* Main.storyboard in Resources */,
				ED2D3C791EB6127500BC46AF /* default.gpx in Resources */,
			);
			runOnlyForDeploymentPostprocessing = 0;
		};
		ED75D33F1E8C478B006D6082 /* Resources */ = {
			isa = PBXResourcesBuildPhase;
			buildActionMask = 2147483647;
			files = (
			);
			runOnlyForDeploymentPostprocessing = 0;
		};
		ED75D34A1E8C478B006D6082 /* Resources */ = {
			isa = PBXResourcesBuildPhase;
			buildActionMask = 2147483647;
			files = (
			);
			runOnlyForDeploymentPostprocessing = 0;
		};
/* End PBXResourcesBuildPhase section */

/* Begin PBXShellScriptBuildPhase section */
		ED75D3621E8C498B006D6082 /* ShellScript */ = {
			isa = PBXShellScriptBuildPhase;
			buildActionMask = 12;
			files = (
			);
			inputPaths = (
				"$(SRCROOT)/Carthage/Build/iOS/RxSwift.framework",
				"$(SRCROOT)/Carthage/Build/iOS/Alamofire.framework",
				"$(SRCROOT)/Carthage/Build/iOS/RxCocoa.framework",
				"$(SRCROOT)/Carthage/Build/iOS/Spruce.framework",
				"$(SRCROOT)/Carthage/Build/iOS/SnapKit.framework",
				"$(SRCROOT)/Carthage/Build/iOS/SocketIO.framework",
				"$(SRCROOT)/Carthage/Build/iOS/AlamofireObjectMapper.framework",
				"$(SRCROOT)/Carthage/Build/iOS/ObjectMapper.framework",
				"$(SRCROOT)/Carthage/Build/iOS/NVActivityIndicatorView.framework",
				"$(SRCROOT)/Carthage/Build/iOS/AKPickerView.framework",
			);
			outputPaths = (
			);
			runOnlyForDeploymentPostprocessing = 0;
			shellPath = /bin/sh;
			shellScript = "/usr/local/bin/carthage copy-frameworks";
		};
		EDAB2C491E953417006DF616 /* ShellScript */ = {
			isa = PBXShellScriptBuildPhase;
			buildActionMask = 8;
			files = (
			);
			inputPaths = (
				"$(SRCROOT)/Carthage/Build/iOS/RxSwift.framework",
				"$(SRCROOT)/Carthage/Build/iOS/RxCocoa.framework",
			);
			outputPaths = (
			);
			runOnlyForDeploymentPostprocessing = 1;
			shellPath = /bin/sh;
			shellScript = "/usr/local/bin/carthage copy-frameworks";
		};
/* End PBXShellScriptBuildPhase section */

/* Begin PBXSourcesBuildPhase section */
		ED75D3291E8C4782006D6082 /* Sources */ = {
			isa = PBXSourcesBuildPhase;
			buildActionMask = 2147483647;
			files = (
				ED75D3311E8C478A006D6082 /* AppDelegate.swift in Sources */,
				ED171EC11E8F89EB006791C6 /* HomeViewController.swift in Sources */,
				ED504F621EB84FF100802BE3 /* AirConditionerProperties.swift in Sources */,
				ED171EC91E8F8D09006791C6 /* HomeViewModel.swift in Sources */,
				ED1BACCE1E999494005F7F75 /* BrightnessViewController.swift in Sources */,
				ED171EC71E8F8CEF006791C6 /* LocalStore.swift in Sources */,
				EDF791E71E9554A00078E98B /* AirConditionerViewController.swift in Sources */,
				ED2D3C7C1EB619CC00BC46AF /* UIApplicationExtension.swift in Sources */,
				765BF3251EBE09FF00F5DDF1 /* PWDisplayLinkerDelegate.swift in Sources */,
				ED504F611EB84FF100802BE3 /* AirConditioner.swift in Sources */,
				ED5954B71E9898FB00C3E047 /* LightViewModel.swift in Sources */,
				ED2D3C801EB704A800BC46AT /* LightProperties.swift in Sources */,
				ED67474F1E95663700C925D0 /* FridgeViewController.swift in Sources */,
				ED1117951E9AD337006EC259 /* Helper.swift in Sources */,
				EDD9380A1E941E5300FB1797 /* Light.swift in Sources */,
				765BF3211EBE09FF00F5DDF1 /* JMCBeaconManager.swift in Sources */,
				765BF3291EBE582100F5DDF1 /* AddLightViewController.swift in Sources */,
				765BF3221EBE09FF00F5DDF1 /* JMCBluetoothManager.swift in Sources */,
				EDC504811EAB64720086B377 /* SocketIOManager.swift in Sources */,
				ED9792D31E9010A5004827D4 /* UIFunctionality.swift in Sources */,
				1AABF7DA1EB5427E00BFAD42 /* LocationManager.swift in Sources */,
				ED504F661EB851F900802BE3 /* AirConditionerViewModel.swift in Sources */,
				765BF3261EBE09FF00F5DDF1 /* RadarScannerShape.swift in Sources */,
				ED504F681EB85A1100802BE3 /* AirConditionerCellViewModel.swift in Sources */,
				765BF3241EBE09FF00F5DDF1 /* PWDisplayLinker.swift in Sources */,
				765BF31F1EBE09FF00F5DDF1 /* BeaconShape.swift in Sources */,
				ED2D3CA71EB73FEB00BC46AF /* LightModel.swift in Sources */,
				ED6747511E9567CC00C925D0 /* ShoppingCartViewController.swift in Sources */,
				ED5168101EB4B523000813C7 /* Retrier.swift in Sources */,
				EDA77A7D1E9571DB002C801B /* LightsTableViewCell.swift in Sources */,
				76E839E21EBE70A3009E7E93 /* JMCRadarView.swift in Sources */,
				ED1BACC71E98EA64005F7F75 /* ColorExtension.swift in Sources */,
				EDD938081E941DE000FB1797 /* LightCellViewModel.swift in Sources */,
				EDA77A7F1E957CE0002C801B /* LightsMockup.swift in Sources */,
				EDAB2C401E95287F006DF616 /* Constants.swift in Sources */,
				7639CB181EA355760050FEF2 /* Model.xcdatamodeld in Sources */,
				ED2D3C7E1EB640E900BC46AT /* CoreDataLightOperations.swift in Sources */,
				765BF3201EBE09FF00F5DDF1 /* DataStructures.swift in Sources */,
				ED3281261EB7C36D00DF20F6 /* AirConditionerModel.swift in Sources */,
				ED504F641EB8519C00802BE3 /* CoreDataAirConditionerOperations.swift in Sources */,
				ED8896CE1EAEC3F90064404E /* RemoteStore.swift in Sources */,
				ED5168151EB50201000813C7 /* GSMessage.swift in Sources */,
				ED504F6A1EB8912C00802BE3 /* StoreType.swift in Sources */,
				EDF791E91E9557120078E98B /* LightViewController.swift in Sources */,
				ED1BACC91E98EAB2005F7F75 /* Theme.swift in Sources */,
				ED810EC31E9BB4A9005F701E /* DataSynchronizationManager.swift in Sources */,
			);
			runOnlyForDeploymentPostprocessing = 0;
		};
		ED75D33D1E8C478B006D6082 /* Sources */ = {
			isa = PBXSourcesBuildPhase;
			buildActionMask = 2147483647;
			files = (
				EDAB2C541E9537D5006DF616 /* LightTests.swift in Sources */,
				ED53DA391E9AEAE2002B6CDD /* HelperTests.swift in Sources */,
				EDD9380C1E942BC400FB1797 /* LightCellViewModelTests.swift in Sources */,
			);
			runOnlyForDeploymentPostprocessing = 0;
		};
		ED75D3481E8C478B006D6082 /* Sources */ = {
			isa = PBXSourcesBuildPhase;
			buildActionMask = 2147483647;
			files = (
			);
			runOnlyForDeploymentPostprocessing = 0;
		};
/* End PBXSourcesBuildPhase section */

/* Begin PBXTargetDependency section */
		ED75D3431E8C478B006D6082 /* PBXTargetDependency */ = {
			isa = PBXTargetDependency;
			target = ED75D32C1E8C4782006D6082 /* ImSmart */;
			targetProxy = ED75D3421E8C478B006D6082 /* PBXContainerItemProxy */;
		};
		ED75D34E1E8C478B006D6082 /* PBXTargetDependency */ = {
			isa = PBXTargetDependency;
			target = ED75D32C1E8C4782006D6082 /* ImSmart */;
			targetProxy = ED75D34D1E8C478B006D6082 /* PBXContainerItemProxy */;
		};
/* End PBXTargetDependency section */

/* Begin PBXVariantGroup section */
		ED75D3341E8C478B006D6082 /* Main.storyboard */ = {
			isa = PBXVariantGroup;
			children = (
				ED75D3351E8C478B006D6082 /* Base */,
			);
			name = Main.storyboard;
			sourceTree = "<group>";
		};
		ED75D3391E8C478B006D6082 /* LaunchScreen.storyboard */ = {
			isa = PBXVariantGroup;
			children = (
				ED75D33A1E8C478B006D6082 /* Base */,
			);
			name = LaunchScreen.storyboard;
			sourceTree = "<group>";
		};
/* End PBXVariantGroup section */

/* Begin XCBuildConfiguration section */
		ED75D3531E8C478B006D6082 /* Debug */ = {
			isa = XCBuildConfiguration;
			buildSettings = {
				ALWAYS_SEARCH_USER_PATHS = NO;
				CLANG_ANALYZER_NONNULL = YES;
				CLANG_CXX_LANGUAGE_STANDARD = "gnu++0x";
				CLANG_CXX_LIBRARY = "libc++";
				CLANG_ENABLE_MODULES = YES;
				CLANG_ENABLE_OBJC_ARC = YES;
				CLANG_WARN_BOOL_CONVERSION = YES;
				CLANG_WARN_CONSTANT_CONVERSION = YES;
				CLANG_WARN_DIRECT_OBJC_ISA_USAGE = YES_ERROR;
				CLANG_WARN_DOCUMENTATION_COMMENTS = YES;
				CLANG_WARN_EMPTY_BODY = YES;
				CLANG_WARN_ENUM_CONVERSION = YES;
				CLANG_WARN_INFINITE_RECURSION = YES;
				CLANG_WARN_INT_CONVERSION = YES;
				CLANG_WARN_OBJC_ROOT_CLASS = YES_ERROR;
				CLANG_WARN_SUSPICIOUS_MOVE = YES;
				CLANG_WARN_UNREACHABLE_CODE = YES;
				CLANG_WARN__DUPLICATE_METHOD_MATCH = YES;
				"CODE_SIGN_IDENTITY[sdk=iphoneos*]" = "iPhone Developer";
				COPY_PHASE_STRIP = NO;
				DEBUG_INFORMATION_FORMAT = dwarf;
				ENABLE_STRICT_OBJC_MSGSEND = YES;
				ENABLE_TESTABILITY = YES;
				GCC_C_LANGUAGE_STANDARD = gnu99;
				GCC_DYNAMIC_NO_PIC = NO;
				GCC_NO_COMMON_BLOCKS = YES;
				GCC_OPTIMIZATION_LEVEL = 0;
				GCC_PREPROCESSOR_DEFINITIONS = (
					"DEBUG=1",
					"$(inherited)",
				);
				GCC_WARN_64_TO_32_BIT_CONVERSION = YES;
				GCC_WARN_ABOUT_RETURN_TYPE = YES_ERROR;
				GCC_WARN_UNDECLARED_SELECTOR = YES;
				GCC_WARN_UNINITIALIZED_AUTOS = YES_AGGRESSIVE;
				GCC_WARN_UNUSED_FUNCTION = YES;
				GCC_WARN_UNUSED_VARIABLE = YES;
				IPHONEOS_DEPLOYMENT_TARGET = 9.2;
				MTL_ENABLE_DEBUG_INFO = YES;
				ONLY_ACTIVE_ARCH = YES;
				SDKROOT = iphoneos;
				SWIFT_ACTIVE_COMPILATION_CONDITIONS = DEBUG;
				SWIFT_OPTIMIZATION_LEVEL = "-Onone";
				SWIFT_VERSION = "";
				TARGETED_DEVICE_FAMILY = "1,2";
			};
			name = Debug;
		};
		ED75D3541E8C478B006D6082 /* Release */ = {
			isa = XCBuildConfiguration;
			buildSettings = {
				ALWAYS_SEARCH_USER_PATHS = NO;
				CLANG_ANALYZER_NONNULL = YES;
				CLANG_CXX_LANGUAGE_STANDARD = "gnu++0x";
				CLANG_CXX_LIBRARY = "libc++";
				CLANG_ENABLE_MODULES = YES;
				CLANG_ENABLE_OBJC_ARC = YES;
				CLANG_WARN_BOOL_CONVERSION = YES;
				CLANG_WARN_CONSTANT_CONVERSION = YES;
				CLANG_WARN_DIRECT_OBJC_ISA_USAGE = YES_ERROR;
				CLANG_WARN_DOCUMENTATION_COMMENTS = YES;
				CLANG_WARN_EMPTY_BODY = YES;
				CLANG_WARN_ENUM_CONVERSION = YES;
				CLANG_WARN_INFINITE_RECURSION = YES;
				CLANG_WARN_INT_CONVERSION = YES;
				CLANG_WARN_OBJC_ROOT_CLASS = YES_ERROR;
				CLANG_WARN_SUSPICIOUS_MOVE = YES;
				CLANG_WARN_UNREACHABLE_CODE = YES;
				CLANG_WARN__DUPLICATE_METHOD_MATCH = YES;
				"CODE_SIGN_IDENTITY[sdk=iphoneos*]" = "iPhone Developer";
				COPY_PHASE_STRIP = NO;
				DEBUG_INFORMATION_FORMAT = "dwarf-with-dsym";
				ENABLE_NS_ASSERTIONS = NO;
				ENABLE_STRICT_OBJC_MSGSEND = YES;
				GCC_C_LANGUAGE_STANDARD = gnu99;
				GCC_NO_COMMON_BLOCKS = YES;
				GCC_WARN_64_TO_32_BIT_CONVERSION = YES;
				GCC_WARN_ABOUT_RETURN_TYPE = YES_ERROR;
				GCC_WARN_UNDECLARED_SELECTOR = YES;
				GCC_WARN_UNINITIALIZED_AUTOS = YES_AGGRESSIVE;
				GCC_WARN_UNUSED_FUNCTION = YES;
				GCC_WARN_UNUSED_VARIABLE = YES;
				IPHONEOS_DEPLOYMENT_TARGET = 9.2;
				MTL_ENABLE_DEBUG_INFO = NO;
				SDKROOT = iphoneos;
				SWIFT_OPTIMIZATION_LEVEL = "-Owholemodule";
				SWIFT_VERSION = "";
				TARGETED_DEVICE_FAMILY = "1,2";
				VALIDATE_PRODUCT = YES;
			};
			name = Release;
		};
		ED75D3561E8C478B006D6082 /* Debug */ = {
			isa = XCBuildConfiguration;
			buildSettings = {
				ASSETCATALOG_COMPILER_APPICON_NAME = AppIcon;
				DEVELOPMENT_TEAM = 86M37DGEMQ;
				FRAMEWORK_SEARCH_PATHS = (
					"$(inherited)",
					"$(PROJECT_DIR)/Carthage/Build/iOS",
				);
				INFOPLIST_FILE = ImSmart/Info.plist;
				IPHONEOS_DEPLOYMENT_TARGET = 10.0;
				LD_RUNPATH_SEARCH_PATHS = "$(inherited) @executable_path/Frameworks";
				PRODUCT_BUNDLE_IDENTIFIER = com.letsdev.ImSmart;
				PRODUCT_NAME = "$(TARGET_NAME)";
				SWIFT_VERSION = 3.0;
				TARGETED_DEVICE_FAMILY = "1,2";
			};
			name = Debug;
		};
		ED75D3571E8C478B006D6082 /* Release */ = {
			isa = XCBuildConfiguration;
			buildSettings = {
				ASSETCATALOG_COMPILER_APPICON_NAME = AppIcon;
				DEVELOPMENT_TEAM = 86M37DGEMQ;
				FRAMEWORK_SEARCH_PATHS = (
					"$(inherited)",
					"$(PROJECT_DIR)/Carthage/Build/iOS",
				);
				INFOPLIST_FILE = ImSmart/Info.plist;
				IPHONEOS_DEPLOYMENT_TARGET = 10.0;
				LD_RUNPATH_SEARCH_PATHS = "$(inherited) @executable_path/Frameworks";
				PRODUCT_BUNDLE_IDENTIFIER = com.letsdev.ImSmart;
				PRODUCT_NAME = "$(TARGET_NAME)";
				SWIFT_VERSION = 3.0;
				TARGETED_DEVICE_FAMILY = "1,2";
			};
			name = Release;
		};
		ED75D3591E8C478B006D6082 /* Debug */ = {
			isa = XCBuildConfiguration;
			buildSettings = {
				ALWAYS_EMBED_SWIFT_STANDARD_LIBRARIES = YES;
				BUNDLE_LOADER = "$(TEST_HOST)";
				DEVELOPMENT_TEAM = 86M37DGEMQ;
				FRAMEWORK_SEARCH_PATHS = (
					"$(inherited)",
					"$(PROJECT_DIR)/Carthage/Build/iOS",
				);
				INFOPLIST_FILE = ImSmartTests/Info.plist;
				LD_RUNPATH_SEARCH_PATHS = "$(inherited) @executable_path/Frameworks @loader_path/Frameworks";
				PRODUCT_BUNDLE_IDENTIFIER = com.letsdev.ImSmartTests;
				PRODUCT_NAME = "$(TARGET_NAME)";
				SWIFT_VERSION = 3.0;
				TEST_HOST = "$(BUILT_PRODUCTS_DIR)/ImSmart.app/ImSmart";
			};
			name = Debug;
		};
		ED75D35A1E8C478B006D6082 /* Release */ = {
			isa = XCBuildConfiguration;
			buildSettings = {
				ALWAYS_EMBED_SWIFT_STANDARD_LIBRARIES = YES;
				BUNDLE_LOADER = "$(TEST_HOST)";
				DEVELOPMENT_TEAM = 86M37DGEMQ;
				FRAMEWORK_SEARCH_PATHS = (
					"$(inherited)",
					"$(PROJECT_DIR)/Carthage/Build/iOS",
				);
				INFOPLIST_FILE = ImSmartTests/Info.plist;
				LD_RUNPATH_SEARCH_PATHS = "$(inherited) @executable_path/Frameworks @loader_path/Frameworks";
				PRODUCT_BUNDLE_IDENTIFIER = com.letsdev.ImSmartTests;
				PRODUCT_NAME = "$(TARGET_NAME)";
				SWIFT_VERSION = 3.0;
				TEST_HOST = "$(BUILT_PRODUCTS_DIR)/ImSmart.app/ImSmart";
			};
			name = Release;
		};
		ED75D35C1E8C478B006D6082 /* Debug */ = {
			isa = XCBuildConfiguration;
			buildSettings = {
				ALWAYS_EMBED_SWIFT_STANDARD_LIBRARIES = YES;
				DEVELOPMENT_TEAM = 86M37DGEMQ;
				INFOPLIST_FILE = ImSmartUITests/Info.plist;
				LD_RUNPATH_SEARCH_PATHS = "$(inherited) @executable_path/Frameworks @loader_path/Frameworks";
				PRODUCT_BUNDLE_IDENTIFIER = com.letsdev.ImSmartUITests;
				PRODUCT_NAME = "$(TARGET_NAME)";
				SWIFT_VERSION = 3.0;
				TEST_TARGET_NAME = ImSmart;
			};
			name = Debug;
		};
		ED75D35D1E8C478B006D6082 /* Release */ = {
			isa = XCBuildConfiguration;
			buildSettings = {
				ALWAYS_EMBED_SWIFT_STANDARD_LIBRARIES = YES;
				DEVELOPMENT_TEAM = 86M37DGEMQ;
				INFOPLIST_FILE = ImSmartUITests/Info.plist;
				LD_RUNPATH_SEARCH_PATHS = "$(inherited) @executable_path/Frameworks @loader_path/Frameworks";
				PRODUCT_BUNDLE_IDENTIFIER = com.letsdev.ImSmartUITests;
				PRODUCT_NAME = "$(TARGET_NAME)";
				SWIFT_VERSION = 3.0;
				TEST_TARGET_NAME = ImSmart;
			};
			name = Release;
		};
/* End XCBuildConfiguration section */

/* Begin XCConfigurationList section */
		ED75D3281E8C4782006D6082 /* Build configuration list for PBXProject "ImSmart" */ = {
			isa = XCConfigurationList;
			buildConfigurations = (
				ED75D3531E8C478B006D6082 /* Debug */,
				ED75D3541E8C478B006D6082 /* Release */,
			);
			defaultConfigurationIsVisible = 0;
			defaultConfigurationName = Release;
		};
		ED75D3551E8C478B006D6082 /* Build configuration list for PBXNativeTarget "ImSmart" */ = {
			isa = XCConfigurationList;
			buildConfigurations = (
				ED75D3561E8C478B006D6082 /* Debug */,
				ED75D3571E8C478B006D6082 /* Release */,
			);
			defaultConfigurationIsVisible = 0;
			defaultConfigurationName = Release;
		};
		ED75D3581E8C478B006D6082 /* Build configuration list for PBXNativeTarget "ImSmartTests" */ = {
			isa = XCConfigurationList;
			buildConfigurations = (
				ED75D3591E8C478B006D6082 /* Debug */,
				ED75D35A1E8C478B006D6082 /* Release */,
			);
			defaultConfigurationIsVisible = 0;
			defaultConfigurationName = Release;
		};
		ED75D35B1E8C478B006D6082 /* Build configuration list for PBXNativeTarget "ImSmartUITests" */ = {
			isa = XCConfigurationList;
			buildConfigurations = (
				ED75D35C1E8C478B006D6082 /* Debug */,
				ED75D35D1E8C478B006D6082 /* Release */,
			);
			defaultConfigurationIsVisible = 0;
			defaultConfigurationName = Release;
		};
/* End XCConfigurationList section */

/* Begin XCVersionGroup section */
		7639CB161EA355760050FEF2 /* Model.xcdatamodeld */ = {
			isa = XCVersionGroup;
			children = (
				7639CB171EA355760050FEF2 /* Model.xcdatamodel */,
			);
			currentVersion = 7639CB171EA355760050FEF2 /* Model.xcdatamodel */;
			path = Model.xcdatamodeld;
			sourceTree = "<group>";
			versionGroupType = wrapper.xcdatamodel;
		};
/* End XCVersionGroup section */
	};
	rootObject = ED75D3251E8C4782006D6082 /* Project object */;
}
